
Microsoft Visual Studio Solution File, Format Version 12.00
Project("{FAE04EC0-301F-11D3-BF4B-00C04F79EFBC}") = "Test", "Test\Test.csproj", "{F6818EE5-478B-4771-A54D-0D603FCBFC8C}"
EndProject
Global
	GlobalSection(SolutionConfigurationPlatforms) = preSolution
		Debug|Any CPU = Debug|Any CPU
		Release|Any CPU = Release|Any CPU
	EndGlobalSection
	GlobalSection(ProjectConfigurationPlatforms) = postSolution
		{F6818EE5-478B-4771-A54D-0D603FCBFC8C}.Debug|Any CPU.ActiveCfg = Debug|Any CPU
		{F6818EE5-478B-4771-A54D-0D603FCBFC8C}.Debug|Any CPU.Build.0 = Debug|Any CPU
		{F6818EE5-478B-4771-A54D-0D603FCBFC8C}.Release|Any CPU.ActiveCfg = Release|Any CPU
		{F6818EE5-478B-4771-A54D-0D603FCBFC8C}.Release|Any CPU.Build.0 = Release|Any CPU
	EndGlobalSection
EndGlobal
